// !$*UTF8*$!
{
	archiveVersion = 1;
	classes = {
	};
	objectVersion = 46;
	objects = {

/* Begin PBXBuildFile section */
		43D0863A1CDFBB730078E1AC /* main.m in Sources */ = {isa = PBXBuildFile; fileRef = 43D086391CDFBB730078E1AC /* main.m */; };
		43D0863D1CDFBB730078E1AC /* AppDelegate.m in Sources */ = {isa = PBXBuildFile; fileRef = 43D0863C1CDFBB730078E1AC /* AppDelegate.m */; };
		43D086401CDFBB730078E1AC /* ViewController.m in Sources */ = {isa = PBXBuildFile; fileRef = 43D0863F1CDFBB730078E1AC /* ViewController.m */; };
		43D086431CDFBB730078E1AC /* Main.storyboard in Resources */ = {isa = PBXBuildFile; fileRef = 43D086411CDFBB730078E1AC /* Main.storyboard */; };
		43D086461CDFBB730078E1AC /* CoreDataSample.xcdatamodeld in Sources */ = {isa = PBXBuildFile; fileRef = 43D086441CDFBB730078E1AC /* CoreDataSample.xcdatamodeld */; };
		43D086481CDFBB730078E1AC /* Assets.xcassets in Resources */ = {isa = PBXBuildFile; fileRef = 43D086471CDFBB730078E1AC /* Assets.xcassets */; };
		43D0864B1CDFBB730078E1AC /* LaunchScreen.storyboard in Resources */ = {isa = PBXBuildFile; fileRef = 43D086491CDFBB730078E1AC /* LaunchScreen.storyboard */; };
		43EECF781CE16865009C53D3 /* favorite.jpg in Resources */ = {isa = PBXBuildFile; fileRef = 43EECF701CE16865009C53D3 /* favorite.jpg */; };
		43EECF791CE16865009C53D3 /* favorite-empty.png in Resources */ = {isa = PBXBuildFile; fileRef = 43EECF711CE16865009C53D3 /* favorite-empty.png */; };
		43EECF7A1CE16865009C53D3 /* favoriteEmpty.png in Resources */ = {isa = PBXBuildFile; fileRef = 43EECF721CE16865009C53D3 /* favoriteEmpty.png */; };
		43EECF7B1CE16865009C53D3 /* Htc.jpg in Resources */ = {isa = PBXBuildFile; fileRef = 43EECF731CE16865009C53D3 /* Htc.jpg */; };
		43EECF7C1CE16865009C53D3 /* iPhone.jpg in Resources */ = {isa = PBXBuildFile; fileRef = 43EECF741CE16865009C53D3 /* iPhone.jpg */; };
		43EECF7D1CE16865009C53D3 /* LG.jpg in Resources */ = {isa = PBXBuildFile; fileRef = 43EECF751CE16865009C53D3 /* LG.jpg */; };
		43EECF7E1CE16865009C53D3 /* Micromax.jpg in Resources */ = {isa = PBXBuildFile; fileRef = 43EECF761CE16865009C53D3 /* Micromax.jpg */; };
		43EECF7F1CE16865009C53D3 /* Samsung.jpg in Resources */ = {isa = PBXBuildFile; fileRef = 43EECF771CE16865009C53D3 /* Samsung.jpg */; };
/* End PBXBuildFile section */

/* Begin PBXFileReference section */
		43D086351CDFBB730078E1AC /* CoreDataSample.app */ = {isa = PBXFileReference; explicitFileType = wrapper.application; includeInIndex = 0; path = CoreDataSample.app; sourceTree = BUILT_PRODUCTS_DIR; };
		43D086391CDFBB730078E1AC /* main.m */ = {isa = PBXFileReference; lastKnownFileType = sourcecode.c.objc; path = main.m; sourceTree = "<group>"; };
		43D0863B1CDFBB730078E1AC /* AppDelegate.h */ = {isa = PBXFileReference; lastKnownFileType = sourcecode.c.h; path = AppDelegate.h; sourceTree = "<group>"; };
		43D0863C1CDFBB730078E1AC /* AppDelegate.m */ = {isa = PBXFileReference; lastKnownFileType = sourcecode.c.objc; path = AppDelegate.m; sourceTree = "<group>"; };
		43D0863E1CDFBB730078E1AC /* ViewController.h */ = {isa = PBXFileReference; lastKnownFileType = sourcecode.c.h; path = ViewController.h; sourceTree = "<group>"; };
		43D0863F1CDFBB730078E1AC /* ViewController.m */ = {isa = PBXFileReference; lastKnownFileType = sourcecode.c.objc; path = ViewController.m; sourceTree = "<group>"; };
		43D086421CDFBB730078E1AC /* Base */ = {isa = PBXFileReference; lastKnownFileType = file.storyboard; name = Base; path = Base.lproj/Main.storyboard; sourceTree = "<group>"; };
		43D086451CDFBB730078E1AC /* CoreDataSample.xcdatamodel */ = {isa = PBXFileReference; lastKnownFileType = wrapper.xcdatamodel; path = CoreDataSample.xcdatamodel; sourceTree = "<group>"; };
		43D086471CDFBB730078E1AC /* Assets.xcassets */ = {isa = PBXFileReference; lastKnownFileType = folder.assetcatalog; path = Assets.xcassets; sourceTree = "<group>"; };
		43D0864A1CDFBB730078E1AC /* Base */ = {isa = PBXFileReference; lastKnownFileType = file.storyboard; name = Base; path = Base.lproj/LaunchScreen.storyboard; sourceTree = "<group>"; };
		43D0864C1CDFBB730078E1AC /* Info.plist */ = {isa = PBXFileReference; lastKnownFileType = text.plist.xml; path = Info.plist; sourceTree = "<group>"; };
		43EECF701CE16865009C53D3 /* favorite.jpg */ = {isa = PBXFileReference; lastKnownFileType = image.jpeg; name = favorite.jpg; path = Images/favorite.jpg; sourceTree = "<group>"; };
		43EECF711CE16865009C53D3 /* favorite-empty.png */ = {isa = PBXFileReference; lastKnownFileType = image.png; name = "favorite-empty.png"; path = "Images/favorite-empty.png"; sourceTree = "<group>"; };
		43EECF721CE16865009C53D3 /* favoriteEmpty.png */ = {isa = PBXFileReference; lastKnownFileType = image.png; name = favoriteEmpty.png; path = Images/favoriteEmpty.png; sourceTree = "<group>"; };
		43EECF731CE16865009C53D3 /* Htc.jpg */ = {isa = PBXFileReference; lastKnownFileType = image.jpeg; name = Htc.jpg; path = Images/Htc.jpg; sourceTree = "<group>"; };
		43EECF741CE16865009C53D3 /* iPhone.jpg */ = {isa = PBXFileReference; lastKnownFileType = image.jpeg; name = iPhone.jpg; path = Images/iPhone.jpg; sourceTree = "<group>"; };
		43EECF751CE16865009C53D3 /* LG.jpg */ = {isa = PBXFileReference; lastKnownFileType = image.jpeg; name = LG.jpg; path = Images/LG.jpg; sourceTree = "<group>"; };
		43EECF761CE16865009C53D3 /* Micromax.jpg */ = {isa = PBXFileReference; lastKnownFileType = image.jpeg; name = Micromax.jpg; path = Images/Micromax.jpg; sourceTree = "<group>"; };
		43EECF771CE16865009C53D3 /* Samsung.jpg */ = {isa = PBXFileReference; lastKnownFileType = image.jpeg; name = Samsung.jpg; path = Images/Samsung.jpg; sourceTree = "<group>"; };
/* End PBXFileReference section */

/* Begin PBXFrameworksBuildPhase section */
		43D086321CDFBB730078E1AC /* Frameworks */ = {
			isa = PBXFrameworksBuildPhase;
			buildActionMask = 2147483647;
			files = (
			);
			runOnlyForDeploymentPostprocessing = 0;
		};
/* End PBXFrameworksBuildPhase section */

/* Begin PBXGroup section */
		43D0862C1CDFBB730078E1AC = {
			isa = PBXGroup;
			children = (
				43D086371CDFBB730078E1AC /* CoreDataSample */,
				43D086361CDFBB730078E1AC /* Products */,
			);
			sourceTree = "<group>";
		};
		43D086361CDFBB730078E1AC /* Products */ = {
			isa = PBXGroup;
			children = (
				43D086351CDFBB730078E1AC /* CoreDataSample.app */,
			);
			name = Products;
			sourceTree = "<group>";
		};
		43D086371CDFBB730078E1AC /* CoreDataSample */ = {
			isa = PBXGroup;
			children = (
				43EECF5F1CE131EC009C53D3 /* Images */,
				43D0863B1CDFBB730078E1AC /* AppDelegate.h */,
				43D0863C1CDFBB730078E1AC /* AppDelegate.m */,
				43D0863E1CDFBB730078E1AC /* ViewController.h */,
				43D0863F1CDFBB730078E1AC /* ViewController.m */,
				43D086411CDFBB730078E1AC /* Main.storyboard */,
				43D086471CDFBB730078E1AC /* Assets.xcassets */,
				43D086491CDFBB730078E1AC /* LaunchScreen.storyboard */,
				43D0864C1CDFBB730078E1AC /* Info.plist */,
				43D086441CDFBB730078E1AC /* CoreDataSample.xcdatamodeld */,
				43D086381CDFBB730078E1AC /* Supporting Files */,
			);
			path = CoreDataSample;
			sourceTree = "<group>";
		};
		43D086381CDFBB730078E1AC /* Supporting Files */ = {
			isa = PBXGroup;
			children = (
				43D086391CDFBB730078E1AC /* main.m */,
			);
			name = "Supporting Files";
			sourceTree = "<group>";
		};
		43EECF5F1CE131EC009C53D3 /* Images */ = {
			isa = PBXGroup;
			children = (
				43EECF701CE16865009C53D3 /* favorite.jpg */,
				43EECF711CE16865009C53D3 /* favorite-empty.png */,
				43EECF721CE16865009C53D3 /* favoriteEmpty.png */,
				43EECF731CE16865009C53D3 /* Htc.jpg */,
				43EECF741CE16865009C53D3 /* iPhone.jpg */,
				43EECF751CE16865009C53D3 /* LG.jpg */,
				43EECF761CE16865009C53D3 /* Micromax.jpg */,
				43EECF771CE16865009C53D3 /* Samsung.jpg */,
			);
			name = Images;
			sourceTree = "<group>";
		};
/* End PBXGroup section */

/* Begin PBXNativeTarget section */
		43D086341CDFBB730078E1AC /* CoreDataSample */ = {
			isa = PBXNativeTarget;
			buildConfigurationList = 43D0864F1CDFBB730078E1AC /* Build configuration list for PBXNativeTarget "CoreDataSample" */;
			buildPhases = (
				43D086311CDFBB730078E1AC /* Sources */,
				43D086321CDFBB730078E1AC /* Frameworks */,
				43D086331CDFBB730078E1AC /* Resources */,
			);
			buildRules = (
			);
			dependencies = (
			);
			name = CoreDataSample;
			productName = CoreDataSample;
			productReference = 43D086351CDFBB730078E1AC /* CoreDataSample.app */;
			productType = "com.apple.product-type.application";
		};
/* End PBXNativeTarget section */

/* Begin PBXProject section */
		43D0862D1CDFBB730078E1AC /* Project object */ = {
			isa = PBXProject;
			attributes = {
				LastUpgradeCheck = 0720;
				ORGANIZATIONNAME = "Preejith Augustine";
				TargetAttributes = {
					43D086341CDFBB730078E1AC = {
						CreatedOnToolsVersion = 7.2.1;
					};
				};
			};
			buildConfigurationList = 43D086301CDFBB730078E1AC /* Build configuration list for PBXProject "CoreDataSample" */;
			compatibilityVersion = "Xcode 3.2";
			developmentRegion = English;
			hasScannedForEncodings = 0;
			knownRegions = (
				en,
				Base,
			);
			mainGroup = 43D0862C1CDFBB730078E1AC;
			productRefGroup = 43D086361CDFBB730078E1AC /* Products */;
			projectDirPath = "";
			projectRoot = "";
			targets = (
				43D086341CDFBB730078E1AC /* CoreDataSample */,
			);
		};
/* End PBXProject section */

/* Begin PBXResourcesBuildPhase section */
		43D086331CDFBB730078E1AC /* Resources */ = {
			isa = PBXResourcesBuildPhase;
			buildActionMask = 2147483647;
			files = (
				43EECF791CE16865009C53D3 /* favorite-empty.png in Resources */,
				43EECF7A1CE16865009C53D3 /* favoriteEmpty.png in Resources */,
				43D0864B1CDFBB730078E1AC /* LaunchScreen.storyboard in Resources */,
				43EECF7E1CE16865009C53D3 /* Micromax.jpg in Resources */,
				43EECF7B1CE16865009C53D3 /* Htc.jpg in Resources */,
				43EECF7D1CE16865009C53D3 /* LG.jpg in Resources */,
				43EECF7F1CE16865009C53D3 /* Samsung.jpg in Resources */,
				43EECF781CE16865009C53D3 /* favorite.jpg in Resources */,
				43EECF7C1CE16865009C53D3 /* iPhone.jpg in Resources */,
				43D086481CDFBB730078E1AC /* Assets.xcassets in Resources */,
				43D086431CDFBB730078E1AC /* Main.storyboard in Resources */,
			);
			runOnlyForDeploymentPostprocessing = 0;
		};
/* End PBXResourcesBuildPhase section */

/* Begin PBXSourcesBuildPhase section */
		43D086311CDFBB730078E1AC /* Sources */ = {
			isa = PBXSourcesBuildPhase;
			buildActionMask = 2147483647;
			files = (
				43D086461CDFBB730078E1AC /* CoreDataSample.xcdatamodeld in Sources */,
				43D086401CDFBB730078E1AC /* ViewController.m in Sources */,
				43D0863D1CDFBB730078E1AC /* AppDelegate.m in Sources */,
				43D0863A1CDFBB730078E1AC /* main.m in Sources */,
			);
			runOnlyForDeploymentPostprocessing = 0;
		};
/* End PBXSourcesBuildPhase section */

/* Begin PBXVariantGroup section */
		43D086411CDFBB730078E1AC /* Main.storyboard */ = {
			isa = PBXVariantGroup;
			children = (
				43D086421CDFBB730078E1AC /* Base */,
			);
			name = Main.storyboard;
			sourceTree = "<group>";
		};
		43D086491CDFBB730078E1AC /* LaunchScreen.storyboard */ = {
			isa = PBXVariantGroup;
			children = (
				43D0864A1CDFBB730078E1AC /* Base */,
			);
			name = LaunchScreen.storyboard;
			sourceTree = "<group>";
		};
/* End PBXVariantGroup section */

/* Begin XCBuildConfiguration section */
		43D0864D1CDFBB730078E1AC /* Debug */ = {
			isa = XCBuildConfiguration;
			buildSettings = {
				ALWAYS_SEARCH_USER_PATHS = NO;
				CLANG_CXX_LANGUAGE_STANDARD = "gnu++0x";
				CLANG_CXX_LIBRARY = "libc++";
				CLANG_ENABLE_MODULES = YES;
				CLANG_ENABLE_OBJC_ARC = YES;
				CLANG_WARN_BOOL_CONVERSION = YES;
				CLANG_WARN_CONSTANT_CONVERSION = YES;
				CLANG_WARN_DIRECT_OBJC_ISA_USAGE = YES_ERROR;
				CLANG_WARN_EMPTY_BODY = YES;
				CLANG_WARN_ENUM_CONVERSION = YES;
				CLANG_WARN_INT_CONVERSION = YES;
				CLANG_WARN_OBJC_ROOT_CLASS = YES_ERROR;
				CLANG_WARN_UNREACHABLE_CODE = YES;
				CLANG_WARN__DUPLICATE_METHOD_MATCH = YES;
				"CODE_SIGN_IDENTITY[sdk=iphoneos*]" = "iPhone Developer";
				COPY_PHASE_STRIP = NO;
				DEBUG_INFORMATION_FORMAT = dwarf;
				ENABLE_STRICT_OBJC_MSGSEND = YES;
				ENABLE_TESTABILITY = YES;
				GCC_C_LANGUAGE_STANDARD = gnu99;
				GCC_DYNAMIC_NO_PIC = NO;
				GCC_NO_COMMON_BLOCKS = YES;
				GCC_OPTIMIZATION_LEVEL = 0;
				GCC_PREPROCESSOR_DEFINITIONS = (
					"DEBUG=1",
					"$(inherited)",
				);
				GCC_WARN_64_TO_32_BIT_CONVERSION = YES;
				GCC_WARN_ABOUT_RETURN_TYPE = YES_ERROR;
				GCC_WARN_UNDECLARED_SELECTOR = YES;
				GCC_WARN_UNINITIALIZED_AUTOS = YES_AGGRESSIVE;
				GCC_WARN_UNUSED_FUNCTION = YES;
				GCC_WARN_UNUSED_VARIABLE = YES;
				IPHONEOS_DEPLOYMENT_TARGET = 9.2;
				MTL_ENABLE_DEBUG_INFO = YES;
				ONLY_ACTIVE_ARCH = YES;
				SDKROOT = iphoneos;
				TARGETED_DEVICE_FAMILY = "1,2";
			};
			name = Debug;
		};
		43D0864E1CDFBB730078E1AC /* Release */ = {
			isa = XCBuildConfiguration;
			buildSettings = {
				ALWAYS_SEARCH_USER_PATHS = NO;
				CLANG_CXX_LANGUAGE_STANDARD = "gnu++0x";
				CLANG_CXX_LIBRARY = "libc++";
				CLANG_ENABLE_MODULES = YES;
				CLANG_ENABLE_OBJC_ARC = YES;
				CLANG_WARN_BOOL_CONVERSION = YES;
				CLANG_WARN_CONSTANT_CONVERSION = YES;
				CLANG_WARN_DIRECT_OBJC_ISA_USAGE = YES_ERROR;
				CLANG_WARN_EMPTY_BODY = YES;
				CLANG_WARN_ENUM_CONVERSION = YES;
				CLANG_WARN_INT_CONVERSION = YES;
				CLANG_WARN_OBJC_ROOT_CLASS = YES_ERROR;
				CLANG_WARN_UNREACHABLE_CODE = YES;
				CLANG_WARN__DUPLICATE_METHOD_MATCH = YES;
				"CODE_SIGN_IDENTITY[sdk=iphoneos*]" = "iPhone Developer";
				COPY_PHASE_STRIP = NO;
				DEBUG_INFORMATION_FORMAT = "dwarf-with-dsym";
				ENABLE_NS_ASSERTIONS = NO;
				ENABLE_STRICT_OBJC_MSGSEND = YES;
				GCC_C_LANGUAGE_STANDARD = gnu99;
				GCC_NO_COMMON_BLOCKS = YES;
				GCC_WARN_64_TO_32_BIT_CONVERSION = YES;
				GCC_WARN_ABOUT_RETURN_TYPE = YES_ERROR;
				GCC_WARN_UNDECLARED_SELECTOR = YES;
				GCC_WARN_UNINITIALIZED_AUTOS = YES_AGGRESSIVE;
				GCC_WARN_UNUSED_FUNCTION = YES;
				GCC_WARN_UNUSED_VARIABLE = YES;
				IPHONEOS_DEPLOYMENT_TARGET = 9.2;
				MTL_ENABLE_DEBUG_INFO = NO;
				SDKROOT = iphoneos;
				TARGETED_DEVICE_FAMILY = "1,2";
				VALIDATE_PRODUCT = YES;
			};
			name = Release;
		};
		43D086501CDFBB730078E1AC /* Debug */ = {
			isa = XCBuildConfiguration;
			buildSettings = {
				ASSETCATALOG_COMPILER_APPICON_NAME = AppIcon;
				INFOPLIST_FILE = CoreDataSample/Info.plist;
				LD_RUNPATH_SEARCH_PATHS = "$(inherited) @executable_path/Frameworks";
				PRODUCT_BUNDLE_IDENTIFIER = com.CoreDataSample;
				PRODUCT_NAME = "$(TARGET_NAME)";
			};
			name = Debug;
		};
		43D086511CDFBB730078E1AC /* Release */ = {
			isa = XCBuildConfiguration;
			buildSettings = {
				ASSETCATALOG_COMPILER_APPICON_NAME = AppIcon;
				INFOPLIST_FILE = CoreDataSample/Info.plist;
				LD_RUNPATH_SEARCH_PATHS = "$(inherited) @executable_path/Frameworks";
				PRODUCT_BUNDLE_IDENTIFIER = com.CoreDataSample;
				PRODUCT_NAME = "$(TARGET_NAME)";
			};
			name = Release;
		};
/* End XCBuildConfiguration section */

/* Begin XCConfigurationList section */
		43D086301CDFBB730078E1AC /* Build configuration list for PBXProject "CoreDataSample" */ = {
			isa = XCConfigurationList;
			buildConfigurations = (
				43D0864D1CDFBB730078E1AC /* Debug */,
				43D0864E1CDFBB730078E1AC /* Release */,
			);
			defaultConfigurationIsVisible = 0;
			defaultConfigurationName = Release;
		};
		43D0864F1CDFBB730078E1AC /* Build configuration list for PBXNativeTarget "CoreDataSample" */ = {
			isa = XCConfigurationList;
			buildConfigurations = (
				43D086501CDFBB730078E1AC /* Debug */,
				43D086511CDFBB730078E1AC /* Release */,
			);
			defaultConfigurationIsVisible = 0;
			defaultConfigurationName = Release;
		};
/* End XCConfigurationList section */

/* Begin XCVersionGroup section */
		43D086441CDFBB730078E1AC /* CoreDataSample.xcdatamodeld */ = {
			isa = XCVersionGroup;
			children = (
				43D086451CDFBB730078E1AC /* CoreDataSample.xcdatamodel */,
			);
			currentVersion = 43D086451CDFBB730078E1AC /* CoreDataSample.xcdatamodel */;
			path = CoreDataSample.xcdatamodeld;
			sourceTree = "<group>";
			versionGroupType = wrapper.xcdatamodel;
		};
/* End XCVersionGroup section */
	};
	rootObject = 43D0862D1CDFBB730078E1AC /* Project object */;
}
